
Microsoft Visual Studio Solution File, Format Version 12.00
# Visual Studio Version 17
VisualStudioVersion = 17.14.36518.9
MinimumVisualStudioVersion = 10.0.40219.1
Project("{FAE04EC0-301F-11D3-BF4B-00C04F79EFBC}") = "ExcelsiorEngineering", "ExcelsiorEngineering\ExcelsiorEngineering.csproj", "{43B76919-CFEE-4996-889A-0E7B2216AFA0}"
EndProject
Project("{FAE04EC0-301F-11D3-BF4B-00C04F79EFBC}") = "ExcelsiorEngineering.Tests", "ExcelsiorEngineering.Tests\ExcelsiorEngineering.Tests.csproj", "{4C234461-C7EC-428E-B38E-5769B9BD722B}"
EndProject
Global
	GlobalSection(SolutionConfigurationPlatforms) = preSolution
		Debug|Any CPU = Debug|Any CPU
		Release|Any CPU = Release|Any CPU
	EndGlobalSection
	GlobalSection(ProjectConfigurationPlatforms) = postSolution
		{43B76919-CFEE-4996-889A-0E7B2216AFA0}.Debug|Any CPU.ActiveCfg = Debug|Any CPU
		{43B76919-CFEE-4996-889A-0E7B2216AFA0}.Debug|Any CPU.Build.0 = Debug|Any CPU
		{43B76919-CFEE-4996-889A-0E7B2216AFA0}.Release|Any CPU.ActiveCfg = Release|Any CPU
		{43B76919-CFEE-4996-889A-0E7B2216AFA0}.Release|Any CPU.Build.0 = Release|Any CPU
		{4C234461-C7EC-428E-B38E-5769B9BD722B}.Debug|Any CPU.ActiveCfg = Debug|Any CPU
		{4C234461-C7EC-428E-B38E-5769B9BD722B}.Debug|Any CPU.Build.0 = Debug|Any CPU
		{4C234461-C7EC-428E-B38E-5769B9BD722B}.Release|Any CPU.ActiveCfg = Release|Any CPU
		{4C234461-C7EC-428E-B38E-5769B9BD722B}.Release|Any CPU.Build.0 = Release|Any CPU
	EndGlobalSection
	GlobalSection(SolutionProperties) = preSolution
		HideSolutionNode = FALSE
	EndGlobalSection
	GlobalSection(ExtensibilityGlobals) = postSolution
		SolutionGuid = {F7B7532D-8251-40F4-BAB6-D4D1B480F758}
	EndGlobalSection
EndGlobal
